
Microsoft Visual Studio Solution File, Format Version 12.00
# Visual Studio 15
VisualStudioVersion = 15.0.28307.271
MinimumVisualStudioVersion = 10.0.40219.1
Project("{FAE04EC0-301F-11D3-BF4B-00C04F79EFBC}") = "Company.Web", "Company.Web\Company.Web.csproj", "{0F1D8F8E-0883-4883-AE99-A5F1C801997E}"
EndProject
Project("{FAE04EC0-301F-11D3-BF4B-00C04F79EFBC}") = "Company.Models", "Company.Models\Company.Models.csproj", "{E22FC56E-2C45-48A3-9C5C-D83AAF1190C6}"
EndProject
Project("{FAE04EC0-301F-11D3-BF4B-00C04F79EFBC}") = "Company.Provider", "Company.Provider\Company.Provider.csproj", "{66F7B3C7-A2C7-4F9F-9557-BB3B7BE74AF0}"
EndProject
Global
	GlobalSection(SolutionConfigurationPlatforms) = preSolution
		Debug|Any CPU = Debug|Any CPU
		Release|Any CPU = Release|Any CPU
	EndGlobalSection
	GlobalSection(ProjectConfigurationPlatforms) = postSolution
		{0F1D8F8E-0883-4883-AE99-A5F1C801997E}.Debug|Any CPU.ActiveCfg = Debug|Any CPU
		{0F1D8F8E-0883-4883-AE99-A5F1C801997E}.Debug|Any CPU.Build.0 = Debug|Any CPU
		{0F1D8F8E-0883-4883-AE99-A5F1C801997E}.Release|Any CPU.ActiveCfg = Release|Any CPU
		{0F1D8F8E-0883-4883-AE99-A5F1C801997E}.Release|Any CPU.Build.0 = Release|Any CPU
		{E22FC56E-2C45-48A3-9C5C-D83AAF1190C6}.Debug|Any CPU.ActiveCfg = Debug|Any CPU
		{E22FC56E-2C45-48A3-9C5C-D83AAF1190C6}.Debug|Any CPU.Build.0 = Debug|Any CPU
		{E22FC56E-2C45-48A3-9C5C-D83AAF1190C6}.Release|Any CPU.ActiveCfg = Release|Any CPU
		{E22FC56E-2C45-48A3-9C5C-D83AAF1190C6}.Release|Any CPU.Build.0 = Release|Any CPU
		{66F7B3C7-A2C7-4F9F-9557-BB3B7BE74AF0}.Debug|Any CPU.ActiveCfg = Debug|Any CPU
		{66F7B3C7-A2C7-4F9F-9557-BB3B7BE74AF0}.Debug|Any CPU.Build.0 = Debug|Any CPU
		{66F7B3C7-A2C7-4F9F-9557-BB3B7BE74AF0}.Release|Any CPU.ActiveCfg = Release|Any CPU
		{66F7B3C7-A2C7-4F9F-9557-BB3B7BE74AF0}.Release|Any CPU.Build.0 = Release|Any CPU
	EndGlobalSection
	GlobalSection(SolutionProperties) = preSolution
		HideSolutionNode = FALSE
	EndGlobalSection
	GlobalSection(ExtensibilityGlobals) = postSolution
		SolutionGuid = {B0C054CC-DA9E-480E-B5FC-8045678AC2B8}
	EndGlobalSection
EndGlobal
